
Microsoft Visual Studio Solution File, Format Version 12.00
# Visual Studio Version 16
VisualStudioVersion = 16.0.29411.108
MinimumVisualStudioVersion = 10.0.40219.1
Project("{9A19103F-16F7-4668-BE54-9A1E7A4F7556}") = "UsefulCommands", "UsefulCommands.csproj", "{B69D4B7A-9199-4C28-8595-388D26BF9A5D}"
EndProject
Global
	GlobalSection(SolutionConfigurationPlatforms) = preSolution
		Debug|Any CPU = Debug|Any CPU
		Release|Any CPU = Release|Any CPU
	EndGlobalSection
	GlobalSection(ProjectConfigurationPlatforms) = postSolution
		{B69D4B7A-9199-4C28-8595-388D26BF9A5D}.Debug|Any CPU.ActiveCfg = Debug|Any CPU
		{B69D4B7A-9199-4C28-8595-388D26BF9A5D}.Debug|Any CPU.Build.0 = Debug|Any CPU
		{B69D4B7A-9199-4C28-8595-388D26BF9A5D}.Release|Any CPU.ActiveCfg = Release|Any CPU
		{B69D4B7A-9199-4C28-8595-388D26BF9A5D}.Release|Any CPU.Build.0 = Release|Any CPU
	EndGlobalSection
	GlobalSection(SolutionProperties) = preSolution
		HideSolutionNode = FALSE
	EndGlobalSection
	GlobalSection(ExtensibilityGlobals) = postSolution
		SolutionGuid = {A2A7DA78-C91B-4270-A1F7-C2E899E3BBA5}
	EndGlobalSection
EndGlobal
